
Microsoft Visual Studio Solution File, Format Version 12.00
# Visual Studio Version 17
VisualStudioVersion = 17.11.35208.52
MinimumVisualStudioVersion = 10.0.40219.1
Project("{FAE04EC0-301F-11D3-BF4B-00C04F79EFBC}") = "Alunos", "Alunos\Alunos.csproj", "{453F9150-5473-4C18-96C7-C51B7B5A1C89}"
EndProject
Global
	GlobalSection(SolutionConfigurationPlatforms) = preSolution
		Debug|Any CPU = Debug|Any CPU
		Release|Any CPU = Release|Any CPU
	EndGlobalSection
	GlobalSection(ProjectConfigurationPlatforms) = postSolution
		{453F9150-5473-4C18-96C7-C51B7B5A1C89}.Debug|Any CPU.ActiveCfg = Debug|Any CPU
		{453F9150-5473-4C18-96C7-C51B7B5A1C89}.Debug|Any CPU.Build.0 = Debug|Any CPU
		{453F9150-5473-4C18-96C7-C51B7B5A1C89}.Release|Any CPU.ActiveCfg = Release|Any CPU
		{453F9150-5473-4C18-96C7-C51B7B5A1C89}.Release|Any CPU.Build.0 = Release|Any CPU
	EndGlobalSection
	GlobalSection(SolutionProperties) = preSolution
		HideSolutionNode = FALSE
	EndGlobalSection
	GlobalSection(ExtensibilityGlobals) = postSolution
		SolutionGuid = {45F3FBE0-50F8-4405-A9E3-0C1F732F5C5F}
	EndGlobalSection
EndGlobal
